{
  "originHash" : "08d61d60ee551945a2f26fc1392d30df3ed69ce3ca83c7a23b2369ebad010fc9",
  "pins" : [
    {
      "identity" : "mbprogresshud",
      "kind" : "remoteSourceControl",
      "location" : "https://github.com/jdg/MBProgressHUD.git",
      "state" : {
        "branch" : "master",
        "revision" : "4a7c5f3e53cdea77c5dcb8578c2ee5acacdf6781"
      }
    }
  ],
  "version" : 3
}
